
Microsoft Visual Studio Solution File, Format Version 12.00
# Visual Studio 14
VisualStudioVersion = 14.0.24720.0
MinimumVisualStudioVersion = 10.0.40219.1
Project("{FAE04EC0-301F-11D3-BF4B-00C04F79EFBC}") = "Patient Transport EF", "Patient Transport EF\Patient Transport EF.csproj", "{978C7E4F-E6E8-40D7-9F27-4BD99D6FB97D}"
EndProject
Global
	GlobalSection(SolutionConfigurationPlatforms) = preSolution
		Debug|Any CPU = Debug|Any CPU
		Release|Any CPU = Release|Any CPU
	EndGlobalSection
	GlobalSection(ProjectConfigurationPlatforms) = postSolution
		{978C7E4F-E6E8-40D7-9F27-4BD99D6FB97D}.Debug|Any CPU.ActiveCfg = Debug|Any CPU
		{978C7E4F-E6E8-40D7-9F27-4BD99D6FB97D}.Debug|Any CPU.Build.0 = Debug|Any CPU
		{978C7E4F-E6E8-40D7-9F27-4BD99D6FB97D}.Release|Any CPU.ActiveCfg = Release|Any CPU
		{978C7E4F-E6E8-40D7-9F27-4BD99D6FB97D}.Release|Any CPU.Build.0 = Release|Any CPU
	EndGlobalSection
	GlobalSection(SolutionProperties) = preSolution
		HideSolutionNode = FALSE
	EndGlobalSection
EndGlobal
